
Microsoft Visual Studio Solution File, Format Version 12.00
# Visual Studio Version 17
VisualStudioVersion = 17.1.32210.238
MinimumVisualStudioVersion = 10.0.40219.1
Project("{FAE04EC0-301F-11D3-BF4B-00C04F79EFBC}") = "Sarfaraz", "Sarfaraz\Sarfaraz.csproj", "{52AB8172-88A3-44D6-ADDB-2DD965D01EB7}"
EndProject
Global
	GlobalSection(SolutionConfigurationPlatforms) = preSolution
		Debug|Any CPU = Debug|Any CPU
		Release|Any CPU = Release|Any CPU
	EndGlobalSection
	GlobalSection(ProjectConfigurationPlatforms) = postSolution
		{52AB8172-88A3-44D6-ADDB-2DD965D01EB7}.Debug|Any CPU.ActiveCfg = Debug|Any CPU
		{52AB8172-88A3-44D6-ADDB-2DD965D01EB7}.Debug|Any CPU.Build.0 = Debug|Any CPU
		{52AB8172-88A3-44D6-ADDB-2DD965D01EB7}.Release|Any CPU.ActiveCfg = Release|Any CPU
		{52AB8172-88A3-44D6-ADDB-2DD965D01EB7}.Release|Any CPU.Build.0 = Release|Any CPU
	EndGlobalSection
	GlobalSection(SolutionProperties) = preSolution
		HideSolutionNode = FALSE
	EndGlobalSection
	GlobalSection(ExtensibilityGlobals) = postSolution
		SolutionGuid = {133C1431-BE37-484E-8D3B-FF833E6F3667}
	EndGlobalSection
EndGlobal
